{
  "name": "real-time-chat-api",
  "lockfileVersion": 2,
  "requires": true,
  "packages": {
    "": {
      "dependencies": {
        "six": "^0.0.12"
      }
    },
    "node_modules/escodegen": {
      "version": "0.0.15",
      "resolved": "https://registry.npmjs.org/escodegen/-/escodegen-0.0.15.tgz",
      "integrity": "sha1-/9qcsmtws098wZ8diHVlOa+1Q70=",
      "dependencies": {
        "esprima": ">= 1.0.0"
      },
      "bin": {
        "escodegen": "bin/escodegen.js",
        "esgenerate": "bin/esgenerate.js"
      },
      "engines": {
        "node": ">=0.4.0"
      },
      "optionalDependencies": {
        "source-map": ">= 0.1.2"
      }
    },
    "node_modules/esprima": {
      "version": "4.0.1",
      "resolved": "https://registry.npmjs.org/esprima/-/esprima-4.0.1.tgz",
      "integrity": "sha512-eGuFFw7Upda+g4p+QHvnW0RyTX/SVeJBDM/gCtMARO0cLuT2HcEKnTPvhjV6aGeqrCB/sbNop0Kszm0jsaWU4A==",
      "bin": {
        "esparse": "bin/esparse.js",
        "esvalidate": "bin/esvalidate.js"
      },
      "engines": {
        "node": ">=4"
      }
    },
    "node_modules/esprima-six-jpike": {
      "version": "1.1.1-dev-harmony",
      "resolved": "https://registry.npmjs.org/esprima-six-jpike/-/esprima-six-jpike-1.1.1-dev-harmony.tgz",
      "integrity": "sha1-I8yoX34BtGybcb9RTe4P31hkkD4=",
      "bin": {
        "esparse": "bin/esparse.js",
        "esvalidate": "bin/esvalidate.js"
      },
      "engines": {
        "node": ">=0.4.0"
      }
    },
    "node_modules/six": {
      "version": "0.0.12",
      "resolved": "https://registry.npmjs.org/six/-/six-0.0.12.tgz",
      "integrity": "sha1-V1LZdDSiUpjqdnBVfqT9dXBAkDM=",
      "dependencies": {
        "escodegen": "0.0.15",
        "esprima-six-jpike": "1.1.1-dev-harmony"
      },
      "bin": {
        "sake": "bin/sake",
        "six": "bin/six"
      }
    },
    "node_modules/source-map": {
      "version": "0.7.3",
      "resolved": "https://registry.npmjs.org/source-map/-/source-map-0.7.3.tgz",
      "integrity": "sha512-CkCj6giN3S+n9qrYiBTX5gystlENnRW5jZeNLHpe6aue+SrHcG5VYwujhW9s4dY31mEGsxBDrHR6oI69fTXsaQ==",
      "optional": true,
      "engines": {
        "node": ">= 8"
      }
    }
  },
  "dependencies": {
    "escodegen": {
      "version": "0.0.15",
      "resolved": "https://registry.npmjs.org/escodegen/-/escodegen-0.0.15.tgz",
      "integrity": "sha1-/9qcsmtws098wZ8diHVlOa+1Q70=",
      "requires": {
        "esprima": ">= 1.0.0",
        "source-map": ">= 0.1.2"
      }
    },
    "esprima": {
      "version": "4.0.1",
      "resolved": "https://registry.npmjs.org/esprima/-/esprima-4.0.1.tgz",
      "integrity": "sha512-eGuFFw7Upda+g4p+QHvnW0RyTX/SVeJBDM/gCtMARO0cLuT2HcEKnTPvhjV6aGeqrCB/sbNop0Kszm0jsaWU4A=="
    },
    "esprima-six-jpike": {
      "version": "1.1.1-dev-harmony",
      "resolved": "https://registry.npmjs.org/esprima-six-jpike/-/esprima-six-jpike-1.1.1-dev-harmony.tgz",
      "integrity": "sha1-I8yoX34BtGybcb9RTe4P31hkkD4="
    },
    "six": {
      "version": "0.0.12",
      "resolved": "https://registry.npmjs.org/six/-/six-0.0.12.tgz",
      "integrity": "sha1-V1LZdDSiUpjqdnBVfqT9dXBAkDM=",
      "requires": {
        "escodegen": "0.0.15",
        "esprima-six-jpike": "1.1.1-dev-harmony"
      }
    },
    "source-map": {
      "version": "0.7.3",
      "resolved": "https://registry.npmjs.org/source-map/-/source-map-0.7.3.tgz",
      "integrity": "sha512-CkCj6giN3S+n9qrYiBTX5gystlENnRW5jZeNLHpe6aue+SrHcG5VYwujhW9s4dY31mEGsxBDrHR6oI69fTXsaQ==",
      "optional": true
    }
  }
}
